{
  "name": "assets",
  "lockfileVersion": 3,
  "requires": true,
  "packages": {
    "": {
      "dependencies": {
        "@intercom/messenger-js-sdk": "^0.0.14"
      }
    },
    "node_modules/@intercom/messenger-js-sdk": {
      "version": "0.0.14",
      "resolved": "https://registry.npmjs.org/@intercom/messenger-js-sdk/-/messenger-js-sdk-0.0.14.tgz",
      "integrity": "sha512-2dH4BDAh9EI90K7hUkAdZ76W79LM45Sd1OBX7t6Vzy8twpNiQ5X+7sH9G5hlJlkSGnf+vFWlFcy9TOYAyEs1hA==",
      "license": "MIT"
    }
  }
}
